// !$*UTF8*$!
{
	archiveVersion = 1;
	classes = {
	};
	objectVersion = 46;
	objects = {

/* Begin PBXBuildFile section */
		0BE9DC411DFE9A1D0051041A /* ESWeapon.cpp in Sources */ = {isa = PBXBuildFile; fileRef = 0BE9DC3F1DFE9A1D0051041A /* ESWeapon.cpp */; };
		0BE9DC441DFE9C400051041A /* ESEngine.cpp in Sources */ = {isa = PBXBuildFile; fileRef = 0BE9DC421DFE9C400051041A /* ESEngine.cpp */; };
		0BE9DC471DFE9DC30051041A /* EnemyShip.cpp in Sources */ = {isa = PBXBuildFile; fileRef = 0BE9DC451DFE9DC30051041A /* EnemyShip.cpp */; };
		0BE9DC4A1DFEA0200051041A /* EnemyShipFactory.cpp in Sources */ = {isa = PBXBuildFile; fileRef = 0BE9DC481DFEA0200051041A /* EnemyShipFactory.cpp */; };
		0BE9DC4D1DFEA3360051041A /* EnemyShipBuilding.cpp in Sources */ = {isa = PBXBuildFile; fileRef = 0BE9DC4B1DFEA3360051041A /* EnemyShipBuilding.cpp */; };
		0BE9DC4F1DFEA4940051041A /* Main.cpp in Sources */ = {isa = PBXBuildFile; fileRef = 0BE9DC4E1DFEA4940051041A /* Main.cpp */; };
/* End PBXBuildFile section */

/* Begin PBXCopyFilesBuildPhase section */
		0BE9DC351DFE8BA50051041A /* CopyFiles */ = {
			isa = PBXCopyFilesBuildPhase;
			buildActionMask = 2147483647;
			dstPath = /usr/share/man/man1/;
			dstSubfolderSpec = 0;
			files = (
			);
			runOnlyForDeploymentPostprocessing = 1;
		};
/* End PBXCopyFilesBuildPhase section */

/* Begin PBXFileReference section */
		0BE9DC311DFE8B430051041A /* abstract-factory.cpp */ = {isa = PBXFileReference; fileEncoding = 4; lastKnownFileType = sourcecode.cpp.cpp; name = "abstract-factory.cpp"; path = "../../abstract-factory.cpp"; sourceTree = "<group>"; };
		0BE9DC371DFE8BA50051041A /* abstract-factroy */ = {isa = PBXFileReference; explicitFileType = "compiled.mach-o.executable"; includeInIndex = 0; path = "abstract-factroy"; sourceTree = BUILT_PRODUCTS_DIR; };
		0BE9DC3F1DFE9A1D0051041A /* ESWeapon.cpp */ = {isa = PBXFileReference; fileEncoding = 4; lastKnownFileType = sourcecode.cpp.cpp; path = ESWeapon.cpp; sourceTree = "<group>"; };
		0BE9DC401DFE9A1D0051041A /* ESWeapon.hpp */ = {isa = PBXFileReference; fileEncoding = 4; lastKnownFileType = sourcecode.cpp.h; path = ESWeapon.hpp; sourceTree = "<group>"; };
		0BE9DC421DFE9C400051041A /* ESEngine.cpp */ = {isa = PBXFileReference; fileEncoding = 4; lastKnownFileType = sourcecode.cpp.cpp; path = ESEngine.cpp; sourceTree = "<group>"; };
		0BE9DC431DFE9C400051041A /* ESEngine.hpp */ = {isa = PBXFileReference; fileEncoding = 4; lastKnownFileType = sourcecode.cpp.h; path = ESEngine.hpp; sourceTree = "<group>"; };
		0BE9DC451DFE9DC30051041A /* EnemyShip.cpp */ = {isa = PBXFileReference; fileEncoding = 4; lastKnownFileType = sourcecode.cpp.cpp; path = EnemyShip.cpp; sourceTree = "<group>"; };
		0BE9DC461DFE9DC30051041A /* EnemyShip.hpp */ = {isa = PBXFileReference; fileEncoding = 4; lastKnownFileType = sourcecode.cpp.h; path = EnemyShip.hpp; sourceTree = "<group>"; };
		0BE9DC481DFEA0200051041A /* EnemyShipFactory.cpp */ = {isa = PBXFileReference; fileEncoding = 4; lastKnownFileType = sourcecode.cpp.cpp; path = EnemyShipFactory.cpp; sourceTree = "<group>"; };
		0BE9DC491DFEA0200051041A /* EnemyShipFactory.hpp */ = {isa = PBXFileReference; fileEncoding = 4; lastKnownFileType = sourcecode.cpp.h; path = EnemyShipFactory.hpp; sourceTree = "<group>"; };
		0BE9DC4B1DFEA3360051041A /* EnemyShipBuilding.cpp */ = {isa = PBXFileReference; fileEncoding = 4; lastKnownFileType = sourcecode.cpp.cpp; path = EnemyShipBuilding.cpp; sourceTree = "<group>"; };
		0BE9DC4C1DFEA3360051041A /* EnemyShipBuilding.hpp */ = {isa = PBXFileReference; fileEncoding = 4; lastKnownFileType = sourcecode.cpp.h; path = EnemyShipBuilding.hpp; sourceTree = "<group>"; };
		0BE9DC4E1DFEA4940051041A /* Main.cpp */ = {isa = PBXFileReference; fileEncoding = 4; lastKnownFileType = sourcecode.cpp.cpp; path = Main.cpp; sourceTree = "<group>"; };
/* End PBXFileReference section */

/* Begin PBXFrameworksBuildPhase section */
		0BE9DC341DFE8BA50051041A /* Frameworks */ = {
			isa = PBXFrameworksBuildPhase;
			buildActionMask = 2147483647;
			files = (
			);
			runOnlyForDeploymentPostprocessing = 0;
		};
/* End PBXFrameworksBuildPhase section */

/* Begin PBXGroup section */
		0BE9DC1E1DFE8B080051041A = {
			isa = PBXGroup;
			children = (
				0BE9DC381DFE8BA50051041A /* abstract-factroy */,
				0BE9DC281DFE8B080051041A /* Products */,
			);
			sourceTree = "<group>";
		};
		0BE9DC281DFE8B080051041A /* Products */ = {
			isa = PBXGroup;
			children = (
				0BE9DC371DFE8BA50051041A /* abstract-factroy */,
			);
			name = Products;
			sourceTree = "<group>";
		};
		0BE9DC381DFE8BA50051041A /* abstract-factroy */ = {
			isa = PBXGroup;
			children = (
				0BE9DC311DFE8B430051041A /* abstract-factory.cpp */,
				0BE9DC3F1DFE9A1D0051041A /* ESWeapon.cpp */,
				0BE9DC401DFE9A1D0051041A /* ESWeapon.hpp */,
				0BE9DC421DFE9C400051041A /* ESEngine.cpp */,
				0BE9DC431DFE9C400051041A /* ESEngine.hpp */,
				0BE9DC451DFE9DC30051041A /* EnemyShip.cpp */,
				0BE9DC461DFE9DC30051041A /* EnemyShip.hpp */,
				0BE9DC481DFEA0200051041A /* EnemyShipFactory.cpp */,
				0BE9DC491DFEA0200051041A /* EnemyShipFactory.hpp */,
				0BE9DC4B1DFEA3360051041A /* EnemyShipBuilding.cpp */,
				0BE9DC4C1DFEA3360051041A /* EnemyShipBuilding.hpp */,
				0BE9DC4E1DFEA4940051041A /* Main.cpp */,
			);
			path = "abstract-factroy";
			sourceTree = "<group>";
		};
/* End PBXGroup section */

/* Begin PBXNativeTarget section */
		0BE9DC361DFE8BA50051041A /* abstract-factroy */ = {
			isa = PBXNativeTarget;
			buildConfigurationList = 0BE9DC3B1DFE8BA50051041A /* Build configuration list for PBXNativeTarget "abstract-factroy" */;
			buildPhases = (
				0BE9DC331DFE8BA50051041A /* Sources */,
				0BE9DC341DFE8BA50051041A /* Frameworks */,
				0BE9DC351DFE8BA50051041A /* CopyFiles */,
			);
			buildRules = (
			);
			dependencies = (
			);
			name = "abstract-factroy";
			productName = "abstract-factroy";
			productReference = 0BE9DC371DFE8BA50051041A /* abstract-factroy */;
			productType = "com.apple.product-type.tool";
		};
/* End PBXNativeTarget section */

/* Begin PBXProject section */
		0BE9DC1F1DFE8B080051041A /* Project object */ = {
			isa = PBXProject;
			attributes = {
				LastUpgradeCheck = 0800;
				ORGANIZATIONNAME = "章立";
				TargetAttributes = {
					0BE9DC361DFE8BA50051041A = {
						CreatedOnToolsVersion = 8.0;
						DevelopmentTeam = 536G34352H;
						ProvisioningStyle = Automatic;
					};
				};
			};
			buildConfigurationList = 0BE9DC221DFE8B080051041A /* Build configuration list for PBXProject "DesignPattern" */;
			compatibilityVersion = "Xcode 3.2";
			developmentRegion = English;
			hasScannedForEncodings = 0;
			knownRegions = (
				en,
			);
			mainGroup = 0BE9DC1E1DFE8B080051041A;
			productRefGroup = 0BE9DC281DFE8B080051041A /* Products */;
			projectDirPath = "";
			projectRoot = "";
			targets = (
				0BE9DC361DFE8BA50051041A /* abstract-factroy */,
			);
		};
/* End PBXProject section */

/* Begin PBXSourcesBuildPhase section */
		0BE9DC331DFE8BA50051041A /* Sources */ = {
			isa = PBXSourcesBuildPhase;
			buildActionMask = 2147483647;
			files = (
				0BE9DC4D1DFEA3360051041A /* EnemyShipBuilding.cpp in Sources */,
				0BE9DC4F1DFEA4940051041A /* Main.cpp in Sources */,
				0BE9DC4A1DFEA0200051041A /* EnemyShipFactory.cpp in Sources */,
				0BE9DC471DFE9DC30051041A /* EnemyShip.cpp in Sources */,
				0BE9DC441DFE9C400051041A /* ESEngine.cpp in Sources */,
				0BE9DC411DFE9A1D0051041A /* ESWeapon.cpp in Sources */,
			);
			runOnlyForDeploymentPostprocessing = 0;
		};
/* End PBXSourcesBuildPhase section */

/* Begin XCBuildConfiguration section */
		0BE9DC2C1DFE8B080051041A /* Debug */ = {
			isa = XCBuildConfiguration;
			buildSettings = {
				ALWAYS_SEARCH_USER_PATHS = NO;
				CLANG_ANALYZER_NONNULL = YES;
				CLANG_CXX_LANGUAGE_STANDARD = "gnu++0x";
				CLANG_CXX_LIBRARY = "libc++";
				CLANG_ENABLE_MODULES = YES;
				CLANG_ENABLE_OBJC_ARC = YES;
				CLANG_WARN_BOOL_CONVERSION = YES;
				CLANG_WARN_CONSTANT_CONVERSION = YES;
				CLANG_WARN_DIRECT_OBJC_ISA_USAGE = YES_ERROR;
				CLANG_WARN_DOCUMENTATION_COMMENTS = YES;
				CLANG_WARN_EMPTY_BODY = YES;
				CLANG_WARN_ENUM_CONVERSION = YES;
				CLANG_WARN_INFINITE_RECURSION = YES;
				CLANG_WARN_INT_CONVERSION = YES;
				CLANG_WARN_OBJC_ROOT_CLASS = YES_ERROR;
				CLANG_WARN_SUSPICIOUS_MOVES = YES;
				CLANG_WARN_UNREACHABLE_CODE = YES;
				CLANG_WARN__DUPLICATE_METHOD_MATCH = YES;
				CODE_SIGN_IDENTITY = "-";
				COPY_PHASE_STRIP = NO;
				DEBUG_INFORMATION_FORMAT = dwarf;
				ENABLE_STRICT_OBJC_MSGSEND = YES;
				ENABLE_TESTABILITY = YES;
				GCC_C_LANGUAGE_STANDARD = gnu99;
				GCC_DYNAMIC_NO_PIC = NO;
				GCC_NO_COMMON_BLOCKS = YES;
				GCC_OPTIMIZATION_LEVEL = 0;
				GCC_PREPROCESSOR_DEFINITIONS = (
					"DEBUG=1",
					"$(inherited)",
				);
				GCC_WARN_64_TO_32_BIT_CONVERSION = YES;
				GCC_WARN_ABOUT_RETURN_TYPE = YES_ERROR;
				GCC_WARN_UNDECLARED_SELECTOR = YES;
				GCC_WARN_UNINITIALIZED_AUTOS = YES_AGGRESSIVE;
				GCC_WARN_UNUSED_FUNCTION = YES;
				GCC_WARN_UNUSED_VARIABLE = YES;
				MACOSX_DEPLOYMENT_TARGET = 10.11;
				MTL_ENABLE_DEBUG_INFO = YES;
				ONLY_ACTIVE_ARCH = YES;
				SDKROOT = macosx;
			};
			name = Debug;
		};
		0BE9DC2D1DFE8B080051041A /* Release */ = {
			isa = XCBuildConfiguration;
			buildSettings = {
				ALWAYS_SEARCH_USER_PATHS = NO;
				CLANG_ANALYZER_NONNULL = YES;
				CLANG_CXX_LANGUAGE_STANDARD = "gnu++0x";
				CLANG_CXX_LIBRARY = "libc++";
				CLANG_ENABLE_MODULES = YES;
				CLANG_ENABLE_OBJC_ARC = YES;
				CLANG_WARN_BOOL_CONVERSION = YES;
				CLANG_WARN_CONSTANT_CONVERSION = YES;
				CLANG_WARN_DIRECT_OBJC_ISA_USAGE = YES_ERROR;
				CLANG_WARN_DOCUMENTATION_COMMENTS = YES;
				CLANG_WARN_EMPTY_BODY = YES;
				CLANG_WARN_ENUM_CONVERSION = YES;
				CLANG_WARN_INFINITE_RECURSION = YES;
				CLANG_WARN_INT_CONVERSION = YES;
				CLANG_WARN_OBJC_ROOT_CLASS = YES_ERROR;
				CLANG_WARN_SUSPICIOUS_MOVES = YES;
				CLANG_WARN_UNREACHABLE_CODE = YES;
				CLANG_WARN__DUPLICATE_METHOD_MATCH = YES;
				CODE_SIGN_IDENTITY = "-";
				COPY_PHASE_STRIP = NO;
				DEBUG_INFORMATION_FORMAT = "dwarf-with-dsym";
				ENABLE_NS_ASSERTIONS = NO;
				ENABLE_STRICT_OBJC_MSGSEND = YES;
				GCC_C_LANGUAGE_STANDARD = gnu99;
				GCC_NO_COMMON_BLOCKS = YES;
				GCC_WARN_64_TO_32_BIT_CONVERSION = YES;
				GCC_WARN_ABOUT_RETURN_TYPE = YES_ERROR;
				GCC_WARN_UNDECLARED_SELECTOR = YES;
				GCC_WARN_UNINITIALIZED_AUTOS = YES_AGGRESSIVE;
				GCC_WARN_UNUSED_FUNCTION = YES;
				GCC_WARN_UNUSED_VARIABLE = YES;
				MACOSX_DEPLOYMENT_TARGET = 10.11;
				MTL_ENABLE_DEBUG_INFO = NO;
				SDKROOT = macosx;
			};
			name = Release;
		};
		0BE9DC3C1DFE8BA50051041A /* Debug */ = {
			isa = XCBuildConfiguration;
			buildSettings = {
				DEVELOPMENT_TEAM = 536G34352H;
				PRODUCT_NAME = "$(TARGET_NAME)";
			};
			name = Debug;
		};
		0BE9DC3D1DFE8BA50051041A /* Release */ = {
			isa = XCBuildConfiguration;
			buildSettings = {
				DEVELOPMENT_TEAM = 536G34352H;
				PRODUCT_NAME = "$(TARGET_NAME)";
			};
			name = Release;
		};
/* End XCBuildConfiguration section */

/* Begin XCConfigurationList section */
		0BE9DC221DFE8B080051041A /* Build configuration list for PBXProject "DesignPattern" */ = {
			isa = XCConfigurationList;
			buildConfigurations = (
				0BE9DC2C1DFE8B080051041A /* Debug */,
				0BE9DC2D1DFE8B080051041A /* Release */,
			);
			defaultConfigurationIsVisible = 0;
			defaultConfigurationName = Release;
		};
		0BE9DC3B1DFE8BA50051041A /* Build configuration list for PBXNativeTarget "abstract-factroy" */ = {
			isa = XCConfigurationList;
			buildConfigurations = (
				0BE9DC3C1DFE8BA50051041A /* Debug */,
				0BE9DC3D1DFE8BA50051041A /* Release */,
			);
			defaultConfigurationIsVisible = 0;
		};
/* End XCConfigurationList section */
	};
	rootObject = 0BE9DC1F1DFE8B080051041A /* Project object */;
}
